
Microsoft Visual Studio Solution File, Format Version 12.00
# Visual Studio Version 16
VisualStudioVersion = 16.0.30711.63
MinimumVisualStudioVersion = 10.0.40219.1
Project("{9A19103F-16F7-4668-BE54-9A1E7A4F7556}") = "Mercenaries", "Mercenaries.csproj", "{98E12678-AAB3-4A3F-9DCF-709745BF1F76}"
EndProject
Global
	GlobalSection(SolutionConfigurationPlatforms) = preSolution
		Debug|Any CPU = Debug|Any CPU
		Release|Any CPU = Release|Any CPU
	EndGlobalSection
	GlobalSection(ProjectConfigurationPlatforms) = postSolution
		{98E12678-AAB3-4A3F-9DCF-709745BF1F76}.Debug|Any CPU.ActiveCfg = Debug|Any CPU
		{98E12678-AAB3-4A3F-9DCF-709745BF1F76}.Debug|Any CPU.Build.0 = Debug|Any CPU
		{98E12678-AAB3-4A3F-9DCF-709745BF1F76}.Release|Any CPU.ActiveCfg = Release|Any CPU
		{98E12678-AAB3-4A3F-9DCF-709745BF1F76}.Release|Any CPU.Build.0 = Release|Any CPU
	EndGlobalSection
	GlobalSection(SolutionProperties) = preSolution
		HideSolutionNode = FALSE
	EndGlobalSection
	GlobalSection(ExtensibilityGlobals) = postSolution
		SolutionGuid = {183E7B38-A046-46A4-8556-F66374D308E7}
	EndGlobalSection
EndGlobal
