
Microsoft Visual Studio Solution File, Format Version 12.00
# Visual Studio Version 16
VisualStudioVersion = 16.0.31112.23
MinimumVisualStudioVersion = 10.0.40219.1
Project("{FAE04EC0-301F-11D3-BF4B-00C04F79EFBC}") = "Database_FizzBuzz_dotNET", "Database_FizzBuzz_dotNET.csproj", "{D502953C-6C14-488E-A47A-CF8DCCB99F04}"
EndProject
Global
	GlobalSection(SolutionConfigurationPlatforms) = preSolution
		Debug|Any CPU = Debug|Any CPU
		Release|Any CPU = Release|Any CPU
	EndGlobalSection
	GlobalSection(ProjectConfigurationPlatforms) = postSolution
		{D502953C-6C14-488E-A47A-CF8DCCB99F04}.Debug|Any CPU.ActiveCfg = Debug|Any CPU
		{D502953C-6C14-488E-A47A-CF8DCCB99F04}.Debug|Any CPU.Build.0 = Debug|Any CPU
		{D502953C-6C14-488E-A47A-CF8DCCB99F04}.Release|Any CPU.ActiveCfg = Release|Any CPU
		{D502953C-6C14-488E-A47A-CF8DCCB99F04}.Release|Any CPU.Build.0 = Release|Any CPU
	EndGlobalSection
	GlobalSection(SolutionProperties) = preSolution
		HideSolutionNode = FALSE
	EndGlobalSection
	GlobalSection(ExtensibilityGlobals) = postSolution
		SolutionGuid = {B0458DAD-5E35-401F-8ABA-FF50224A5764}
	EndGlobalSection
EndGlobal
